
Microsoft Visual Studio Solution File, Format Version 12.00
# Visual Studio Version 16
VisualStudioVersion = 16.0.29209.152
MinimumVisualStudioVersion = 10.0.40219.1
Project("{FAE04EC0-301F-11D3-BF4B-00C04F79EFBC}") = "BlazorApp1", "BlazorApp1\BlazorApp1.csproj", "{A9C4C055-32FA-40A3-BF88-8BD717A1EA19}"
EndProject
Global
	GlobalSection(SolutionConfigurationPlatforms) = preSolution
		Debug|Any CPU = Debug|Any CPU
		Release|Any CPU = Release|Any CPU
	EndGlobalSection
	GlobalSection(ProjectConfigurationPlatforms) = postSolution
		{A9C4C055-32FA-40A3-BF88-8BD717A1EA19}.Debug|Any CPU.ActiveCfg = Debug|Any CPU
		{A9C4C055-32FA-40A3-BF88-8BD717A1EA19}.Debug|Any CPU.Build.0 = Debug|Any CPU
		{A9C4C055-32FA-40A3-BF88-8BD717A1EA19}.Release|Any CPU.ActiveCfg = Release|Any CPU
		{A9C4C055-32FA-40A3-BF88-8BD717A1EA19}.Release|Any CPU.Build.0 = Release|Any CPU
	EndGlobalSection
	GlobalSection(SolutionProperties) = preSolution
		HideSolutionNode = FALSE
	EndGlobalSection
	GlobalSection(ExtensibilityGlobals) = postSolution
		SolutionGuid = {C754A9A5-1563-4110-8B20-6637F35A9391}
	EndGlobalSection
EndGlobal
